<?xml version="1.0" encoding="utf-8"?>
<Project ToolsVersion="4.0" xmlns="http://schemas.microsoft.com/developer/msbuild/2003">
  <ItemGroup>
    <Filter Include="Classes">
      <UniqueIdentifier>{08c26d81-de56-4da5-8fc6-78ad8cc84aa7}</UniqueIdentifier>
    </Filter>
    <Filter Include="win32">
      <UniqueIdentifier>{bd053781-f965-426e-b9d7-76efed41fe29}</UniqueIdentifier>
    </Filter>
    <Filter Include="Resources">
      <UniqueIdentifier>{c448d4ef-4fb9-406a-803e-85436a4c944a}</UniqueIdentifier>
    </Filter>
    <Filter Include="Classes\framework">
      <UniqueIdentifier>{b6b9e0b6-e774-48e1-9cd8-b9e2f8ab6de1}</UniqueIdentifier>
    </Filter>
    <Filter Include="Classes\game">
      <UniqueIdentifier>{e5e22cf3-ed33-455e-9656-fdf5c0f6afba}</UniqueIdentifier>
    </Filter>
    <Filter Include="Resources\logoscene">
      <UniqueIdentifier>{f379e2c8-faa1-4ecc-b2af-e9640ac1a8d7}</UniqueIdentifier>
    </Filter>
    <Filter Include="Classes\framework\SocketServer">
      <UniqueIdentifier>{492782bb-c9e2-438d-9270-3e4bea4f8169}</UniqueIdentifier>
    </Filter>
  </ItemGroup>
  <ItemGroup>
    <ClCompile Include="main.cpp">
      <Filter>win32</Filter>
    </ClCompile>
    <ClCompile Include="..\Classes\AppDelegate.cpp">
      <Filter>Classes</Filter>
    </ClCompile>
    <ClCompile Include="..\Classes\VisibleRect.cpp">
      <Filter>Classes</Filter>
    </ClCompile>
    <ClCompile Include="..\Classes\game\LogoScene.cpp">
      <Filter>Classes\game</Filter>
    </ClCompile>
    <ClCompile Include="..\Classes\framework\SocketServer\json_reader.cpp">
      <Filter>Classes\framework\SocketServer</Filter>
    </ClCompile>
    <ClCompile Include="..\Classes\framework\SocketServer\json_value.cpp">
      <Filter>Classes\framework\SocketServer</Filter>
    </ClCompile>
    <ClCompile Include="..\Classes\framework\SocketServer\json_writer.cpp">
      <Filter>Classes\framework\SocketServer</Filter>
    </ClCompile>
    <ClCompile Include="..\Classes\framework\SocketServer\YMEvent.cpp">
      <Filter>Classes\framework\SocketServer</Filter>
    </ClCompile>
    <ClCompile Include="..\Classes\framework\SocketServer\YMEventDispatcher.cpp">
      <Filter>Classes\framework\SocketServer</Filter>
    </ClCompile>
    <ClCompile Include="..\Classes\framework\SocketServer\YMSocketEvent.cpp">
      <Filter>Classes\framework\SocketServer</Filter>
    </ClCompile>
    <ClCompile Include="..\Classes\framework\YMIconv.cpp">
      <Filter>Classes\framework</Filter>
    </ClCompile>
    <ClCompile Include="..\Classes\game\myServer.cpp">
      <Filter>Classes\game</Filter>
    </ClCompile>
    <ClCompile Include="..\Classes\framework\SocketServer\YMTcpSocket.cpp">
      <Filter>Classes\framework\SocketServer</Filter>
    </ClCompile>
    <ClCompile Include="..\Classes\game\YMServerReply.cpp">
      <Filter>Classes\game</Filter>
    </ClCompile>
    <ClCompile Include="..\Classes\framework\YMSqlUtil.cpp">
      <Filter>Classes\framework</Filter>
    </ClCompile>
  </ItemGroup>
  <ItemGroup>
    <ClInclude Include="main.h">
      <Filter>win32</Filter>
    </ClInclude>
    <ClInclude Include="..\Classes\AppDelegate.h">
      <Filter>Classes</Filter>
    </ClInclude>
    <ClInclude Include="..\Classes\testResource.h">
      <Filter>Classes</Filter>
    </ClInclude>
    <ClInclude Include="..\Classes\tests.h">
      <Filter>Classes</Filter>
    </ClInclude>
    <ClInclude Include="..\Classes\VisibleRect.h">
      <Filter>Classes</Filter>
    </ClInclude>
    <ClInclude Include="..\Classes\game\LogoScene.h">
      <Filter>Classes\game</Filter>
    </ClInclude>
    <ClInclude Include="resource.h" />
    <ClInclude Include="..\Classes\framework\SocketServer\autolink.h">
      <Filter>Classes\framework\SocketServer</Filter>
    </ClInclude>
    <ClInclude Include="..\Classes\framework\SocketServer\json_batchallocator.h">
      <Filter>Classes\framework\SocketServer</Filter>
    </ClInclude>
    <ClInclude Include="..\Classes\framework\SocketServer\json_lib.h">
      <Filter>Classes\framework\SocketServer</Filter>
    </ClInclude>
    <ClInclude Include="..\Classes\framework\SocketServer\json_tool.h">
      <Filter>Classes\framework\SocketServer</Filter>
    </ClInclude>
    <ClInclude Include="..\Classes\framework\SocketServer\YMconfig.h">
      <Filter>Classes\framework\SocketServer</Filter>
    </ClInclude>
    <ClInclude Include="..\Classes\framework\SocketServer\YMEvent.h">
      <Filter>Classes\framework\SocketServer</Filter>
    </ClInclude>
    <ClInclude Include="..\Classes\framework\SocketServer\YMEventDispatcher.h">
      <Filter>Classes\framework\SocketServer</Filter>
    </ClInclude>
    <ClInclude Include="..\Classes\framework\SocketServer\YMfeatures.h">
      <Filter>Classes\framework\SocketServer</Filter>
    </ClInclude>
    <ClInclude Include="..\Classes\framework\SocketServer\YMforwards.h">
      <Filter>Classes\framework\SocketServer</Filter>
    </ClInclude>
    <ClInclude Include="..\Classes\framework\SocketServer\YMreader.h">
      <Filter>Classes\framework\SocketServer</Filter>
    </ClInclude>
    <ClInclude Include="..\Classes\framework\SocketServer\YMSocketData.h">
      <Filter>Classes\framework\SocketServer</Filter>
    </ClInclude>
    <ClInclude Include="..\Classes\framework\SocketServer\YMSocketDataEvent.h">
      <Filter>Classes\framework\SocketServer</Filter>
    </ClInclude>
    <ClInclude Include="..\Classes\framework\SocketServer\YMSocketEvent.h">
      <Filter>Classes\framework\SocketServer</Filter>
    </ClInclude>
    <ClInclude Include="..\Classes\framework\SocketServer\YMvalue.h">
      <Filter>Classes\framework\SocketServer</Filter>
    </ClInclude>
    <ClInclude Include="..\Classes\framework\SocketServer\YMwriter.h">
      <Filter>Classes\framework\SocketServer</Filter>
    </ClInclude>
    <ClInclude Include="..\Classes\framework\YMIconv.h">
      <Filter>Classes\framework</Filter>
    </ClInclude>
    <ClInclude Include="..\Classes\game\myServer.h">
      <Filter>Classes\game</Filter>
    </ClInclude>
    <ClInclude Include="..\Classes\framework\SocketServer\YMTcpSocket.h">
      <Filter>Classes\framework\SocketServer</Filter>
    </ClInclude>
    <ClInclude Include="..\Classes\game\YMServerReply.h">
      <Filter>Classes\game</Filter>
    </ClInclude>
    <ClInclude Include="..\Classes\framework\YMSqlUtil.h">
      <Filter>Classes\framework</Filter>
    </ClInclude>
    <ClInclude Include="..\Classes\framework\YMSqlAnaly.h">
      <Filter>Classes\framework</Filter>
    </ClInclude>
  </ItemGroup>
  <ItemGroup>
    <None Include="..\Resources\logoscene\btn-test-0.png">
      <Filter>Resources\logoscene</Filter>
    </None>
    <None Include="..\Resources\logoscene\btn-test-1.png">
      <Filter>Resources\logoscene</Filter>
    </None>
    <None Include="..\Resources\logoscene\btn-test-2.png">
      <Filter>Resources\logoscene</Filter>
    </None>
    <None Include="..\Resources\logoscene\logoscene.json">
      <Filter>Resources\logoscene</Filter>
    </None>
    <None Include="..\Resources\logoscene\scrollviewbg.png">
      <Filter>Resources\logoscene</Filter>
    </None>
    <None Include="..\Classes\framework\SocketServer\json_internalarray.inl">
      <Filter>Classes\framework\SocketServer</Filter>
    </None>
    <None Include="..\Classes\framework\SocketServer\json_internalmap.inl">
      <Filter>Classes\framework\SocketServer</Filter>
    </None>
    <None Include="..\Classes\framework\SocketServer\json_valueiterator.inl">
      <Filter>Classes\framework\SocketServer</Filter>
    </None>
  </ItemGroup>
</Project>